
Microsoft Visual Studio Solution File, Format Version 12.00
# Visual Studio Version 18
VisualStudioVersion = 18.0.11116.177
MinimumVisualStudioVersion = 10.0.40219.1
Project("{FAE04EC0-301F-11D3-BF4B-00C04F79EFBC}") = "OrganizedJihad.Api", "api\OrganizedJihad.Api.csproj", "{EA18801D-91B9-7D3B-68F5-4F1D737E38B9}"
EndProject
Project("{2150E333-8FDC-42A3-9474-1A3956D46DE8}") = "data", "data", "{015FE221-96B2-289B-A0E8-6E7354784A75}"
EndProject
Project("{FAE04EC0-301F-11D3-BF4B-00C04F79EFBC}") = "OrganizedJihad.Data", "data\OrganizedJihad.Data.csproj", "{5F9E6C06-1C10-4922-A60B-0E4F2C33A0A3}"
EndProject
Global
	GlobalSection(SolutionConfigurationPlatforms) = preSolution
		Debug|Any CPU = Debug|Any CPU
		Debug|x64 = Debug|x64
		Debug|x86 = Debug|x86
		Release|Any CPU = Release|Any CPU
		Release|x64 = Release|x64
		Release|x86 = Release|x86
	EndGlobalSection
	GlobalSection(ProjectConfigurationPlatforms) = postSolution
		{EA18801D-91B9-7D3B-68F5-4F1D737E38B9}.Debug|Any CPU.ActiveCfg = Debug|Any CPU
		{EA18801D-91B9-7D3B-68F5-4F1D737E38B9}.Debug|Any CPU.Build.0 = Debug|Any CPU
		{EA18801D-91B9-7D3B-68F5-4F1D737E38B9}.Debug|x64.ActiveCfg = Debug|Any CPU
		{EA18801D-91B9-7D3B-68F5-4F1D737E38B9}.Debug|x64.Build.0 = Debug|Any CPU
		{EA18801D-91B9-7D3B-68F5-4F1D737E38B9}.Debug|x86.ActiveCfg = Debug|Any CPU
		{EA18801D-91B9-7D3B-68F5-4F1D737E38B9}.Debug|x86.Build.0 = Debug|Any CPU
		{EA18801D-91B9-7D3B-68F5-4F1D737E38B9}.Release|Any CPU.ActiveCfg = Release|Any CPU
		{EA18801D-91B9-7D3B-68F5-4F1D737E38B9}.Release|Any CPU.Build.0 = Release|Any CPU
		{EA18801D-91B9-7D3B-68F5-4F1D737E38B9}.Release|x64.ActiveCfg = Release|Any CPU
		{EA18801D-91B9-7D3B-68F5-4F1D737E38B9}.Release|x64.Build.0 = Release|Any CPU
		{EA18801D-91B9-7D3B-68F5-4F1D737E38B9}.Release|x86.ActiveCfg = Release|Any CPU
		{EA18801D-91B9-7D3B-68F5-4F1D737E38B9}.Release|x86.Build.0 = Release|Any CPU
		{5F9E6C06-1C10-4922-A60B-0E4F2C33A0A3}.Debug|Any CPU.ActiveCfg = Debug|Any CPU
		{5F9E6C06-1C10-4922-A60B-0E4F2C33A0A3}.Debug|Any CPU.Build.0 = Debug|Any CPU
		{5F9E6C06-1C10-4922-A60B-0E4F2C33A0A3}.Debug|x64.ActiveCfg = Debug|Any CPU
		{5F9E6C06-1C10-4922-A60B-0E4F2C33A0A3}.Debug|x64.Build.0 = Debug|Any CPU
		{5F9E6C06-1C10-4922-A60B-0E4F2C33A0A3}.Debug|x86.ActiveCfg = Debug|Any CPU
		{5F9E6C06-1C10-4922-A60B-0E4F2C33A0A3}.Debug|x86.Build.0 = Debug|Any CPU
		{5F9E6C06-1C10-4922-A60B-0E4F2C33A0A3}.Release|Any CPU.ActiveCfg = Release|Any CPU
		{5F9E6C06-1C10-4922-A60B-0E4F2C33A0A3}.Release|Any CPU.Build.0 = Release|Any CPU
		{5F9E6C06-1C10-4922-A60B-0E4F2C33A0A3}.Release|x64.ActiveCfg = Release|Any CPU
		{5F9E6C06-1C10-4922-A60B-0E4F2C33A0A3}.Release|x64.Build.0 = Release|Any CPU
		{5F9E6C06-1C10-4922-A60B-0E4F2C33A0A3}.Release|x86.ActiveCfg = Release|Any CPU
		{5F9E6C06-1C10-4922-A60B-0E4F2C33A0A3}.Release|x86.Build.0 = Release|Any CPU
	EndGlobalSection
	GlobalSection(SolutionProperties) = preSolution
		HideSolutionNode = FALSE
	EndGlobalSection
	GlobalSection(NestedProjects) = preSolution
		{5F9E6C06-1C10-4922-A60B-0E4F2C33A0A3} = {015FE221-96B2-289B-A0E8-6E7354784A75}
	EndGlobalSection
	GlobalSection(ExtensibilityGlobals) = postSolution
		SolutionGuid = {8B2D328B-7648-45E9-8F24-08A348394161}
	EndGlobalSection
EndGlobal
