
Microsoft Visual Studio Solution File, Format Version 12.00
# Visual Studio Version 18
VisualStudioVersion = 18.0.11116.177
MinimumVisualStudioVersion = 10.0.40219.1
Project("{FAE04EC0-301F-11D3-BF4B-00C04F79EFBC}") = "OrganizedJihad.Api", "api\OrganizedJihad.Api.csproj", "{EA18801D-91B9-7D3B-68F5-4F1D737E38B9}"
EndProject
Project("{2150E333-8FDC-42A3-9474-1A3956D46DE8}") = "data", "data", "{015FE221-96B2-289B-A0E8-6E7354784A75}"
EndProject
Project("{FAE04EC0-301F-11D3-BF4B-00C04F79EFBC}") = "OrganizedJihad.Data", "data\OrganizedJihad.Data.csproj", "{5F9E6C06-1C10-4922-A60B-0E4F2C33A0A3}"
EndProject
Project("{2150E333-8FDC-42A3-9474-1A3956D46DE8}") = "desktop-app", "desktop-app", "{B1686F21-CA67-CD1A-0564-DB2C7CB249FD}"
EndProject
Project("{FAE04EC0-301F-11D3-BF4B-00C04F79EFBC}") = "OrganizedJihad.Desktop", "desktop-app\OrganizedJihad.Desktop.csproj", "{2C51C656-A2CD-4D88-AD22-97C6956BE4CE}"
EndProject
Project("{2150E333-8FDC-42A3-9474-1A3956D46DE8}") = "tests", "tests", "{0AB3BF05-4346-4AA6-1389-037BE0695223}"
EndProject
Project("{FAE04EC0-301F-11D3-BF4B-00C04F79EFBC}") = "OrganizedJihad.Data.Tests", "tests\OrganizedJihad.Data.Tests\OrganizedJihad.Data.Tests.csproj", "{B5949E48-D60F-483C-8410-9902D9460A86}"
EndProject
Project("{FAE04EC0-301F-11D3-BF4B-00C04F79EFBC}") = "OrganizedJihad.Api.Tests", "tests\OrganizedJihad.Api.Tests\OrganizedJihad.Api.Tests.csproj", "{D552B7D2-F07E-4635-852F-B8EEAA4AF30B}"
EndProject
Project("{2150E333-8FDC-42A3-9474-1A3956D46DE8}") = "benchmarks", "benchmarks", "{66320409-64EC-F7C5-3DEF-65E7510DAAD1}"
EndProject
Project("{FAE04EC0-301F-11D3-BF4B-00C04F79EFBC}") = "OrganizedJihad.Benchmarks", "benchmarks\OrganizedJihad.Benchmarks\OrganizedJihad.Benchmarks.csproj", "{7D615FE8-2919-4DE9-89C0-DE4188598A84}"
EndProject
Project("{2150E333-8FDC-42A3-9474-1A3956D46DE8}") = "installer-ui", "installer-ui", "{1B9B1E0A-B933-F108-D69E-664DA5B800D6}"
EndProject
Project("{FAE04EC0-301F-11D3-BF4B-00C04F79EFBC}") = "OrganizedJihad.Installer", "installer-ui\OrganizedJihad.Installer.csproj", "{54FFF476-3D3D-4799-8582-A98DAA1E55B1}"
EndProject
Project("{2150E333-8FDC-42A3-9474-1A3956D46DE8}") = "api", "api", "{D82C56D6-B2CD-F611-9E31-04638F7EC30E}"
EndProject
Project("{FAE04EC0-301F-11D3-BF4B-00C04F79EFBC}") = "OrganizedJihad.Api.TrayHost", "api\OrganizedJihad.Api.TrayHost\OrganizedJihad.Api.TrayHost.csproj", "{CE85CE5B-4969-4EE4-AC10-4B91D60B6E44}"
EndProject
Project("{FAE04EC0-301F-11D3-BF4B-00C04F79EFBC}") = "OrganizedJihad.Api.TrayHost.Tests", "tests\OrganizedJihad.Api.TrayHost.Tests\OrganizedJihad.Api.TrayHost.Tests.csproj", "{2DDE26CF-1647-476A-AB6B-CEF3633B0F26}"
EndProject
Global
	GlobalSection(SolutionConfigurationPlatforms) = preSolution
		Debug|Any CPU = Debug|Any CPU
		Debug|x64 = Debug|x64
		Debug|x86 = Debug|x86
		Release|Any CPU = Release|Any CPU
		Release|x64 = Release|x64
		Release|x86 = Release|x86
	EndGlobalSection
	GlobalSection(ProjectConfigurationPlatforms) = postSolution
		{EA18801D-91B9-7D3B-68F5-4F1D737E38B9}.Debug|Any CPU.ActiveCfg = Debug|Any CPU
		{EA18801D-91B9-7D3B-68F5-4F1D737E38B9}.Debug|Any CPU.Build.0 = Debug|Any CPU
		{EA18801D-91B9-7D3B-68F5-4F1D737E38B9}.Debug|x64.ActiveCfg = Debug|Any CPU
		{EA18801D-91B9-7D3B-68F5-4F1D737E38B9}.Debug|x64.Build.0 = Debug|Any CPU
		{EA18801D-91B9-7D3B-68F5-4F1D737E38B9}.Debug|x86.ActiveCfg = Debug|Any CPU
		{EA18801D-91B9-7D3B-68F5-4F1D737E38B9}.Debug|x86.Build.0 = Debug|Any CPU
		{EA18801D-91B9-7D3B-68F5-4F1D737E38B9}.Release|Any CPU.ActiveCfg = Release|Any CPU
		{EA18801D-91B9-7D3B-68F5-4F1D737E38B9}.Release|Any CPU.Build.0 = Release|Any CPU
		{EA18801D-91B9-7D3B-68F5-4F1D737E38B9}.Release|x64.ActiveCfg = Release|Any CPU
		{EA18801D-91B9-7D3B-68F5-4F1D737E38B9}.Release|x64.Build.0 = Release|Any CPU
		{EA18801D-91B9-7D3B-68F5-4F1D737E38B9}.Release|x86.ActiveCfg = Release|Any CPU
		{EA18801D-91B9-7D3B-68F5-4F1D737E38B9}.Release|x86.Build.0 = Release|Any CPU
		{5F9E6C06-1C10-4922-A60B-0E4F2C33A0A3}.Debug|Any CPU.ActiveCfg = Debug|Any CPU
		{5F9E6C06-1C10-4922-A60B-0E4F2C33A0A3}.Debug|Any CPU.Build.0 = Debug|Any CPU
		{5F9E6C06-1C10-4922-A60B-0E4F2C33A0A3}.Debug|x64.ActiveCfg = Debug|Any CPU
		{5F9E6C06-1C10-4922-A60B-0E4F2C33A0A3}.Debug|x64.Build.0 = Debug|Any CPU
		{5F9E6C06-1C10-4922-A60B-0E4F2C33A0A3}.Debug|x86.ActiveCfg = Debug|Any CPU
		{5F9E6C06-1C10-4922-A60B-0E4F2C33A0A3}.Debug|x86.Build.0 = Debug|Any CPU
		{5F9E6C06-1C10-4922-A60B-0E4F2C33A0A3}.Release|Any CPU.ActiveCfg = Release|Any CPU
		{5F9E6C06-1C10-4922-A60B-0E4F2C33A0A3}.Release|Any CPU.Build.0 = Release|Any CPU
		{5F9E6C06-1C10-4922-A60B-0E4F2C33A0A3}.Release|x64.ActiveCfg = Release|Any CPU
		{5F9E6C06-1C10-4922-A60B-0E4F2C33A0A3}.Release|x64.Build.0 = Release|Any CPU
		{5F9E6C06-1C10-4922-A60B-0E4F2C33A0A3}.Release|x86.ActiveCfg = Release|Any CPU
		{5F9E6C06-1C10-4922-A60B-0E4F2C33A0A3}.Release|x86.Build.0 = Release|Any CPU
		{2C51C656-A2CD-4D88-AD22-97C6956BE4CE}.Debug|Any CPU.ActiveCfg = Debug|Any CPU
		{2C51C656-A2CD-4D88-AD22-97C6956BE4CE}.Debug|Any CPU.Build.0 = Debug|Any CPU
		{2C51C656-A2CD-4D88-AD22-97C6956BE4CE}.Debug|x64.ActiveCfg = Debug|Any CPU
		{2C51C656-A2CD-4D88-AD22-97C6956BE4CE}.Debug|x64.Build.0 = Debug|Any CPU
		{2C51C656-A2CD-4D88-AD22-97C6956BE4CE}.Debug|x86.ActiveCfg = Debug|Any CPU
		{2C51C656-A2CD-4D88-AD22-97C6956BE4CE}.Debug|x86.Build.0 = Debug|Any CPU
		{2C51C656-A2CD-4D88-AD22-97C6956BE4CE}.Release|Any CPU.ActiveCfg = Release|Any CPU
		{2C51C656-A2CD-4D88-AD22-97C6956BE4CE}.Release|Any CPU.Build.0 = Release|Any CPU
		{2C51C656-A2CD-4D88-AD22-97C6956BE4CE}.Release|x64.ActiveCfg = Release|Any CPU
		{2C51C656-A2CD-4D88-AD22-97C6956BE4CE}.Release|x64.Build.0 = Release|Any CPU
		{2C51C656-A2CD-4D88-AD22-97C6956BE4CE}.Release|x86.ActiveCfg = Release|Any CPU
		{2C51C656-A2CD-4D88-AD22-97C6956BE4CE}.Release|x86.Build.0 = Release|Any CPU
		{B5949E48-D60F-483C-8410-9902D9460A86}.Debug|Any CPU.ActiveCfg = Debug|Any CPU
		{B5949E48-D60F-483C-8410-9902D9460A86}.Debug|Any CPU.Build.0 = Debug|Any CPU
		{B5949E48-D60F-483C-8410-9902D9460A86}.Debug|x64.ActiveCfg = Debug|Any CPU
		{B5949E48-D60F-483C-8410-9902D9460A86}.Debug|x64.Build.0 = Debug|Any CPU
		{B5949E48-D60F-483C-8410-9902D9460A86}.Debug|x86.ActiveCfg = Debug|Any CPU
		{B5949E48-D60F-483C-8410-9902D9460A86}.Debug|x86.Build.0 = Debug|Any CPU
		{B5949E48-D60F-483C-8410-9902D9460A86}.Release|Any CPU.ActiveCfg = Release|Any CPU
		{B5949E48-D60F-483C-8410-9902D9460A86}.Release|Any CPU.Build.0 = Release|Any CPU
		{B5949E48-D60F-483C-8410-9902D9460A86}.Release|x64.ActiveCfg = Release|Any CPU
		{B5949E48-D60F-483C-8410-9902D9460A86}.Release|x64.Build.0 = Release|Any CPU
		{B5949E48-D60F-483C-8410-9902D9460A86}.Release|x86.ActiveCfg = Release|Any CPU
		{B5949E48-D60F-483C-8410-9902D9460A86}.Release|x86.Build.0 = Release|Any CPU
		{D552B7D2-F07E-4635-852F-B8EEAA4AF30B}.Debug|Any CPU.ActiveCfg = Debug|Any CPU
		{D552B7D2-F07E-4635-852F-B8EEAA4AF30B}.Debug|Any CPU.Build.0 = Debug|Any CPU
		{D552B7D2-F07E-4635-852F-B8EEAA4AF30B}.Debug|x64.ActiveCfg = Debug|Any CPU
		{D552B7D2-F07E-4635-852F-B8EEAA4AF30B}.Debug|x64.Build.0 = Debug|Any CPU
		{D552B7D2-F07E-4635-852F-B8EEAA4AF30B}.Debug|x86.ActiveCfg = Debug|Any CPU
		{D552B7D2-F07E-4635-852F-B8EEAA4AF30B}.Debug|x86.Build.0 = Debug|Any CPU
		{D552B7D2-F07E-4635-852F-B8EEAA4AF30B}.Release|Any CPU.ActiveCfg = Release|Any CPU
		{D552B7D2-F07E-4635-852F-B8EEAA4AF30B}.Release|Any CPU.Build.0 = Release|Any CPU
		{D552B7D2-F07E-4635-852F-B8EEAA4AF30B}.Release|x64.ActiveCfg = Release|Any CPU
		{D552B7D2-F07E-4635-852F-B8EEAA4AF30B}.Release|x64.Build.0 = Release|Any CPU
		{D552B7D2-F07E-4635-852F-B8EEAA4AF30B}.Release|x86.ActiveCfg = Release|Any CPU
		{D552B7D2-F07E-4635-852F-B8EEAA4AF30B}.Release|x86.Build.0 = Release|Any CPU
		{7D615FE8-2919-4DE9-89C0-DE4188598A84}.Debug|Any CPU.ActiveCfg = Debug|Any CPU
		{7D615FE8-2919-4DE9-89C0-DE4188598A84}.Debug|Any CPU.Build.0 = Debug|Any CPU
		{7D615FE8-2919-4DE9-89C0-DE4188598A84}.Debug|x64.ActiveCfg = Debug|Any CPU
		{7D615FE8-2919-4DE9-89C0-DE4188598A84}.Debug|x64.Build.0 = Debug|Any CPU
		{7D615FE8-2919-4DE9-89C0-DE4188598A84}.Debug|x86.ActiveCfg = Debug|Any CPU
		{7D615FE8-2919-4DE9-89C0-DE4188598A84}.Debug|x86.Build.0 = Debug|Any CPU
		{7D615FE8-2919-4DE9-89C0-DE4188598A84}.Release|Any CPU.ActiveCfg = Release|Any CPU
		{7D615FE8-2919-4DE9-89C0-DE4188598A84}.Release|Any CPU.Build.0 = Release|Any CPU
		{7D615FE8-2919-4DE9-89C0-DE4188598A84}.Release|x64.ActiveCfg = Release|Any CPU
		{7D615FE8-2919-4DE9-89C0-DE4188598A84}.Release|x64.Build.0 = Release|Any CPU
		{7D615FE8-2919-4DE9-89C0-DE4188598A84}.Release|x86.ActiveCfg = Release|Any CPU
		{7D615FE8-2919-4DE9-89C0-DE4188598A84}.Release|x86.Build.0 = Release|Any CPU
		{54FFF476-3D3D-4799-8582-A98DAA1E55B1}.Debug|Any CPU.ActiveCfg = Debug|Any CPU
		{54FFF476-3D3D-4799-8582-A98DAA1E55B1}.Debug|Any CPU.Build.0 = Debug|Any CPU
		{54FFF476-3D3D-4799-8582-A98DAA1E55B1}.Debug|x64.ActiveCfg = Debug|Any CPU
		{54FFF476-3D3D-4799-8582-A98DAA1E55B1}.Debug|x64.Build.0 = Debug|Any CPU
		{54FFF476-3D3D-4799-8582-A98DAA1E55B1}.Debug|x86.ActiveCfg = Debug|Any CPU
		{54FFF476-3D3D-4799-8582-A98DAA1E55B1}.Debug|x86.Build.0 = Debug|Any CPU
		{54FFF476-3D3D-4799-8582-A98DAA1E55B1}.Release|Any CPU.ActiveCfg = Release|Any CPU
		{54FFF476-3D3D-4799-8582-A98DAA1E55B1}.Release|Any CPU.Build.0 = Release|Any CPU
		{54FFF476-3D3D-4799-8582-A98DAA1E55B1}.Release|x64.ActiveCfg = Release|Any CPU
		{54FFF476-3D3D-4799-8582-A98DAA1E55B1}.Release|x64.Build.0 = Release|Any CPU
		{54FFF476-3D3D-4799-8582-A98DAA1E55B1}.Release|x86.ActiveCfg = Release|Any CPU
		{54FFF476-3D3D-4799-8582-A98DAA1E55B1}.Release|x86.Build.0 = Release|Any CPU
		{CE85CE5B-4969-4EE4-AC10-4B91D60B6E44}.Debug|Any CPU.ActiveCfg = Debug|Any CPU
		{CE85CE5B-4969-4EE4-AC10-4B91D60B6E44}.Debug|Any CPU.Build.0 = Debug|Any CPU
		{CE85CE5B-4969-4EE4-AC10-4B91D60B6E44}.Debug|x64.ActiveCfg = Debug|Any CPU
		{CE85CE5B-4969-4EE4-AC10-4B91D60B6E44}.Debug|x64.Build.0 = Debug|Any CPU
		{CE85CE5B-4969-4EE4-AC10-4B91D60B6E44}.Debug|x86.ActiveCfg = Debug|Any CPU
		{CE85CE5B-4969-4EE4-AC10-4B91D60B6E44}.Debug|x86.Build.0 = Debug|Any CPU
		{CE85CE5B-4969-4EE4-AC10-4B91D60B6E44}.Release|Any CPU.ActiveCfg = Release|Any CPU
		{CE85CE5B-4969-4EE4-AC10-4B91D60B6E44}.Release|Any CPU.Build.0 = Release|Any CPU
		{CE85CE5B-4969-4EE4-AC10-4B91D60B6E44}.Release|x64.ActiveCfg = Release|Any CPU
		{CE85CE5B-4969-4EE4-AC10-4B91D60B6E44}.Release|x64.Build.0 = Release|Any CPU
		{CE85CE5B-4969-4EE4-AC10-4B91D60B6E44}.Release|x86.ActiveCfg = Release|Any CPU
		{CE85CE5B-4969-4EE4-AC10-4B91D60B6E44}.Release|x86.Build.0 = Release|Any CPU
		{2DDE26CF-1647-476A-AB6B-CEF3633B0F26}.Debug|Any CPU.ActiveCfg = Debug|Any CPU
		{2DDE26CF-1647-476A-AB6B-CEF3633B0F26}.Debug|Any CPU.Build.0 = Debug|Any CPU
		{2DDE26CF-1647-476A-AB6B-CEF3633B0F26}.Debug|x64.ActiveCfg = Debug|Any CPU
		{2DDE26CF-1647-476A-AB6B-CEF3633B0F26}.Debug|x64.Build.0 = Debug|Any CPU
		{2DDE26CF-1647-476A-AB6B-CEF3633B0F26}.Debug|x86.ActiveCfg = Debug|Any CPU
		{2DDE26CF-1647-476A-AB6B-CEF3633B0F26}.Debug|x86.Build.0 = Debug|Any CPU
		{2DDE26CF-1647-476A-AB6B-CEF3633B0F26}.Release|Any CPU.ActiveCfg = Release|Any CPU
		{2DDE26CF-1647-476A-AB6B-CEF3633B0F26}.Release|Any CPU.Build.0 = Release|Any CPU
		{2DDE26CF-1647-476A-AB6B-CEF3633B0F26}.Release|x64.ActiveCfg = Release|Any CPU
		{2DDE26CF-1647-476A-AB6B-CEF3633B0F26}.Release|x64.Build.0 = Release|Any CPU
		{2DDE26CF-1647-476A-AB6B-CEF3633B0F26}.Release|x86.ActiveCfg = Release|Any CPU
		{2DDE26CF-1647-476A-AB6B-CEF3633B0F26}.Release|x86.Build.0 = Release|Any CPU
	EndGlobalSection
	GlobalSection(SolutionProperties) = preSolution
		HideSolutionNode = FALSE
	EndGlobalSection
	GlobalSection(NestedProjects) = preSolution
		{5F9E6C06-1C10-4922-A60B-0E4F2C33A0A3} = {015FE221-96B2-289B-A0E8-6E7354784A75}
		{2C51C656-A2CD-4D88-AD22-97C6956BE4CE} = {B1686F21-CA67-CD1A-0564-DB2C7CB249FD}
		{B5949E48-D60F-483C-8410-9902D9460A86} = {0AB3BF05-4346-4AA6-1389-037BE0695223}
		{D552B7D2-F07E-4635-852F-B8EEAA4AF30B} = {0AB3BF05-4346-4AA6-1389-037BE0695223}
		{7D615FE8-2919-4DE9-89C0-DE4188598A84} = {66320409-64EC-F7C5-3DEF-65E7510DAAD1}
		{54FFF476-3D3D-4799-8582-A98DAA1E55B1} = {1B9B1E0A-B933-F108-D69E-664DA5B800D6}
		{CE85CE5B-4969-4EE4-AC10-4B91D60B6E44} = {D82C56D6-B2CD-F611-9E31-04638F7EC30E}
		{2DDE26CF-1647-476A-AB6B-CEF3633B0F26} = {0AB3BF05-4346-4AA6-1389-037BE0695223}
	EndGlobalSection
	GlobalSection(ExtensibilityGlobals) = postSolution
		SolutionGuid = {8B2D328B-7648-45E9-8F24-08A348394161}
	EndGlobalSection
EndGlobal
